
Microsoft Visual Studio Solution File, Format Version 12.00
# Visual Studio Version 17
VisualStudioVersion = 17.4.33213.308
MinimumVisualStudioVersion = 10.0.40219.1
Project("{FAE04EC0-301F-11D3-BF4B-00C04F79EFBC}") = "DIDemo", "DIDemo\DIDemo.csproj", "{79EE7A31-A1D8-4483-A879-D23D289FD071}"
EndProject
Global
	GlobalSection(SolutionConfigurationPlatforms) = preSolution
		Debug|Any CPU = Debug|Any CPU
		Release|Any CPU = Release|Any CPU
	EndGlobalSection
	GlobalSection(ProjectConfigurationPlatforms) = postSolution
		{79EE7A31-A1D8-4483-A879-D23D289FD071}.Debug|Any CPU.ActiveCfg = Debug|Any CPU
		{79EE7A31-A1D8-4483-A879-D23D289FD071}.Debug|Any CPU.Build.0 = Debug|Any CPU
		{79EE7A31-A1D8-4483-A879-D23D289FD071}.Release|Any CPU.ActiveCfg = Release|Any CPU
		{79EE7A31-A1D8-4483-A879-D23D289FD071}.Release|Any CPU.Build.0 = Release|Any CPU
	EndGlobalSection
	GlobalSection(SolutionProperties) = preSolution
		HideSolutionNode = FALSE
	EndGlobalSection
	GlobalSection(ExtensibilityGlobals) = postSolution
		SolutionGuid = {2A57B456-1758-45C4-8FA7-CD6640D059D8}
	EndGlobalSection
EndGlobal
